
Microsoft Visual Studio Solution File, Format Version 12.00
# Visual Studio 15
VisualStudioVersion = 15.0.26730.10
MinimumVisualStudioVersion = 10.0.40219.1
Project("{FAE04EC0-301F-11D3-BF4B-00C04F79EFBC}") = "LinkedLists_Extra", "LinkedLists_Extra\LinkedLists_Extra.csproj", "{5375A7C8-2BBB-4F57-A624-20CB57B818C8}"
EndProject
Global
	GlobalSection(SolutionConfigurationPlatforms) = preSolution
		Debug|Any CPU = Debug|Any CPU
		Release|Any CPU = Release|Any CPU
	EndGlobalSection
	GlobalSection(ProjectConfigurationPlatforms) = postSolution
		{5375A7C8-2BBB-4F57-A624-20CB57B818C8}.Debug|Any CPU.ActiveCfg = Debug|Any CPU
		{5375A7C8-2BBB-4F57-A624-20CB57B818C8}.Debug|Any CPU.Build.0 = Debug|Any CPU
		{5375A7C8-2BBB-4F57-A624-20CB57B818C8}.Release|Any CPU.ActiveCfg = Release|Any CPU
		{5375A7C8-2BBB-4F57-A624-20CB57B818C8}.Release|Any CPU.Build.0 = Release|Any CPU
	EndGlobalSection
	GlobalSection(SolutionProperties) = preSolution
		HideSolutionNode = FALSE
	EndGlobalSection
	GlobalSection(ExtensibilityGlobals) = postSolution
		SolutionGuid = {05C5ADC7-4E91-4AF5-897F-721D85C809A1}
	EndGlobalSection
EndGlobal
