
Microsoft Visual Studio Solution File, Format Version 12.00
# Visual Studio 15
VisualStudioVersion = 15.0.27130.2027
MinimumVisualStudioVersion = 10.0.40219.1
Project("{FAE04EC0-301F-11D3-BF4B-00C04F79EFBC}") = "GenericsMap", "GenericsMap\GenericsMap.csproj", "{198A9C63-21FE-45D7-BA8D-CC2D961F81F7}"
EndProject
Global
	GlobalSection(SolutionConfigurationPlatforms) = preSolution
		Debug|Any CPU = Debug|Any CPU
		Release|Any CPU = Release|Any CPU
	EndGlobalSection
	GlobalSection(ProjectConfigurationPlatforms) = postSolution
		{198A9C63-21FE-45D7-BA8D-CC2D961F81F7}.Debug|Any CPU.ActiveCfg = Debug|Any CPU
		{198A9C63-21FE-45D7-BA8D-CC2D961F81F7}.Debug|Any CPU.Build.0 = Debug|Any CPU
		{198A9C63-21FE-45D7-BA8D-CC2D961F81F7}.Release|Any CPU.ActiveCfg = Release|Any CPU
		{198A9C63-21FE-45D7-BA8D-CC2D961F81F7}.Release|Any CPU.Build.0 = Release|Any CPU
	EndGlobalSection
	GlobalSection(SolutionProperties) = preSolution
		HideSolutionNode = FALSE
	EndGlobalSection
	GlobalSection(ExtensibilityGlobals) = postSolution
		SolutionGuid = {5508B56D-B435-4F02-B8B1-68E6E906CF4F}
	EndGlobalSection
EndGlobal
