
Microsoft Visual Studio Solution File, Format Version 12.00
# Visual Studio 15
VisualStudioVersion = 15.0.26730.10
MinimumVisualStudioVersion = 10.0.40219.1
Project("{FAE04EC0-301F-11D3-BF4B-00C04F79EFBC}") = "LinkedLists_Circular", "LinkedLists_Circular\LinkedLists_Circular.csproj", "{66DA9D69-32B6-4286-A7A4-C836DCAA7DEC}"
EndProject
Global
	GlobalSection(SolutionConfigurationPlatforms) = preSolution
		Debug|Any CPU = Debug|Any CPU
		Release|Any CPU = Release|Any CPU
	EndGlobalSection
	GlobalSection(ProjectConfigurationPlatforms) = postSolution
		{66DA9D69-32B6-4286-A7A4-C836DCAA7DEC}.Debug|Any CPU.ActiveCfg = Debug|Any CPU
		{66DA9D69-32B6-4286-A7A4-C836DCAA7DEC}.Debug|Any CPU.Build.0 = Debug|Any CPU
		{66DA9D69-32B6-4286-A7A4-C836DCAA7DEC}.Release|Any CPU.ActiveCfg = Release|Any CPU
		{66DA9D69-32B6-4286-A7A4-C836DCAA7DEC}.Release|Any CPU.Build.0 = Release|Any CPU
	EndGlobalSection
	GlobalSection(SolutionProperties) = preSolution
		HideSolutionNode = FALSE
	EndGlobalSection
	GlobalSection(ExtensibilityGlobals) = postSolution
		SolutionGuid = {C602562A-0969-401B-8D23-58773C2EAECC}
	EndGlobalSection
EndGlobal
