
Microsoft Visual Studio Solution File, Format Version 12.00
# Visual Studio 15
VisualStudioVersion = 15.0.26730.10
MinimumVisualStudioVersion = 10.0.40219.1
Project("{FAE04EC0-301F-11D3-BF4B-00C04F79EFBC}") = "BinSearch", "BinSearch\BinSearch.csproj", "{5B5C2C6C-0C46-47C8-A0B5-8989DC9F0C19}"
EndProject
Global
	GlobalSection(SolutionConfigurationPlatforms) = preSolution
		Debug|Any CPU = Debug|Any CPU
		Release|Any CPU = Release|Any CPU
	EndGlobalSection
	GlobalSection(ProjectConfigurationPlatforms) = postSolution
		{5B5C2C6C-0C46-47C8-A0B5-8989DC9F0C19}.Debug|Any CPU.ActiveCfg = Debug|Any CPU
		{5B5C2C6C-0C46-47C8-A0B5-8989DC9F0C19}.Debug|Any CPU.Build.0 = Debug|Any CPU
		{5B5C2C6C-0C46-47C8-A0B5-8989DC9F0C19}.Release|Any CPU.ActiveCfg = Release|Any CPU
		{5B5C2C6C-0C46-47C8-A0B5-8989DC9F0C19}.Release|Any CPU.Build.0 = Release|Any CPU
	EndGlobalSection
	GlobalSection(SolutionProperties) = preSolution
		HideSolutionNode = FALSE
	EndGlobalSection
	GlobalSection(ExtensibilityGlobals) = postSolution
		SolutionGuid = {D9AFA030-E819-4BB3-8ACE-B72DEBBC5C7B}
	EndGlobalSection
EndGlobal
